
Microsoft Visual Studio Solution File, Format Version 12.00
# Visual Studio 14
VisualStudioVersion = 14.0.25420.1
MinimumVisualStudioVersion = 10.0.40219.1
Project("{FAE04EC0-301F-11D3-BF4B-00C04F79EFBC}") = "StaticDemo", "StaticDemo\StaticDemo.csproj", "{8534D485-2492-461E-A43B-B8453AC865E5}"
EndProject
Project("{FAE04EC0-301F-11D3-BF4B-00C04F79EFBC}") = "GCDemo", "GCDemo\GCDemo.csproj", "{7ED304B7-DA75-4D8D-9452-2A23E0E4D3B4}"
EndProject
Project("{FAE04EC0-301F-11D3-BF4B-00C04F79EFBC}") = "ConstructorDemo", "ConstructorDemo\ConstructorDemo.csproj", "{BD73D355-8BFB-465C-87CB-F833C0511F94}"
EndProject
Project("{FAE04EC0-301F-11D3-BF4B-00C04F79EFBC}") = "ParentChildConstructorDemo", "ParentChildConstructorDemo\ParentChildConstructorDemo.csproj", "{D9F1E884-0A98-4C1C-A63C-B76229FAA62B}"
EndProject
Project("{FAE04EC0-301F-11D3-BF4B-00C04F79EFBC}") = "DelegateInvocationListDemo", "DelegateInvocationListDemo\DelegateInvocationListDemo.csproj", "{8590EEE4-83BA-4F1E-BF34-289AFFD9CAAE}"
EndProject
Project("{FAE04EC0-301F-11D3-BF4B-00C04F79EFBC}") = "PassFunctionAsParameterDemo", "PassFunctionAsParameterDemo\PassFunctionAsParameterDemo.csproj", "{BA5AD884-A257-4B25-87E5-926E6AD1B9A5}"
EndProject
Project("{FAE04EC0-301F-11D3-BF4B-00C04F79EFBC}") = "EventDemo", "EventDemo\EventDemo.csproj", "{146A861B-B15F-45A3-AC0B-A17DEAF45F80}"
EndProject
Project("{FAE04EC0-301F-11D3-BF4B-00C04F79EFBC}") = "EventCreatingDemo", "EventCreatingDemo\EventCreatingDemo.csproj", "{93C944F7-A014-4899-AD3B-D37E7A78B55E}"
EndProject
Global
	GlobalSection(SolutionConfigurationPlatforms) = preSolution
		Debug|Any CPU = Debug|Any CPU
		Release|Any CPU = Release|Any CPU
	EndGlobalSection
	GlobalSection(ProjectConfigurationPlatforms) = postSolution
		{8534D485-2492-461E-A43B-B8453AC865E5}.Debug|Any CPU.ActiveCfg = Debug|Any CPU
		{8534D485-2492-461E-A43B-B8453AC865E5}.Debug|Any CPU.Build.0 = Debug|Any CPU
		{8534D485-2492-461E-A43B-B8453AC865E5}.Release|Any CPU.ActiveCfg = Release|Any CPU
		{8534D485-2492-461E-A43B-B8453AC865E5}.Release|Any CPU.Build.0 = Release|Any CPU
		{7ED304B7-DA75-4D8D-9452-2A23E0E4D3B4}.Debug|Any CPU.ActiveCfg = Debug|Any CPU
		{7ED304B7-DA75-4D8D-9452-2A23E0E4D3B4}.Debug|Any CPU.Build.0 = Debug|Any CPU
		{7ED304B7-DA75-4D8D-9452-2A23E0E4D3B4}.Release|Any CPU.ActiveCfg = Release|Any CPU
		{7ED304B7-DA75-4D8D-9452-2A23E0E4D3B4}.Release|Any CPU.Build.0 = Release|Any CPU
		{BD73D355-8BFB-465C-87CB-F833C0511F94}.Debug|Any CPU.ActiveCfg = Debug|Any CPU
		{BD73D355-8BFB-465C-87CB-F833C0511F94}.Debug|Any CPU.Build.0 = Debug|Any CPU
		{BD73D355-8BFB-465C-87CB-F833C0511F94}.Release|Any CPU.ActiveCfg = Release|Any CPU
		{BD73D355-8BFB-465C-87CB-F833C0511F94}.Release|Any CPU.Build.0 = Release|Any CPU
		{D9F1E884-0A98-4C1C-A63C-B76229FAA62B}.Debug|Any CPU.ActiveCfg = Debug|Any CPU
		{D9F1E884-0A98-4C1C-A63C-B76229FAA62B}.Debug|Any CPU.Build.0 = Debug|Any CPU
		{D9F1E884-0A98-4C1C-A63C-B76229FAA62B}.Release|Any CPU.ActiveCfg = Release|Any CPU
		{D9F1E884-0A98-4C1C-A63C-B76229FAA62B}.Release|Any CPU.Build.0 = Release|Any CPU
		{8590EEE4-83BA-4F1E-BF34-289AFFD9CAAE}.Debug|Any CPU.ActiveCfg = Debug|Any CPU
		{8590EEE4-83BA-4F1E-BF34-289AFFD9CAAE}.Debug|Any CPU.Build.0 = Debug|Any CPU
		{8590EEE4-83BA-4F1E-BF34-289AFFD9CAAE}.Release|Any CPU.ActiveCfg = Release|Any CPU
		{8590EEE4-83BA-4F1E-BF34-289AFFD9CAAE}.Release|Any CPU.Build.0 = Release|Any CPU
		{BA5AD884-A257-4B25-87E5-926E6AD1B9A5}.Debug|Any CPU.ActiveCfg = Debug|Any CPU
		{BA5AD884-A257-4B25-87E5-926E6AD1B9A5}.Debug|Any CPU.Build.0 = Debug|Any CPU
		{BA5AD884-A257-4B25-87E5-926E6AD1B9A5}.Release|Any CPU.ActiveCfg = Release|Any CPU
		{BA5AD884-A257-4B25-87E5-926E6AD1B9A5}.Release|Any CPU.Build.0 = Release|Any CPU
		{146A861B-B15F-45A3-AC0B-A17DEAF45F80}.Debug|Any CPU.ActiveCfg = Debug|Any CPU
		{146A861B-B15F-45A3-AC0B-A17DEAF45F80}.Debug|Any CPU.Build.0 = Debug|Any CPU
		{146A861B-B15F-45A3-AC0B-A17DEAF45F80}.Release|Any CPU.ActiveCfg = Release|Any CPU
		{146A861B-B15F-45A3-AC0B-A17DEAF45F80}.Release|Any CPU.Build.0 = Release|Any CPU
		{93C944F7-A014-4899-AD3B-D37E7A78B55E}.Debug|Any CPU.ActiveCfg = Debug|Any CPU
		{93C944F7-A014-4899-AD3B-D37E7A78B55E}.Debug|Any CPU.Build.0 = Debug|Any CPU
		{93C944F7-A014-4899-AD3B-D37E7A78B55E}.Release|Any CPU.ActiveCfg = Release|Any CPU
		{93C944F7-A014-4899-AD3B-D37E7A78B55E}.Release|Any CPU.Build.0 = Release|Any CPU
	EndGlobalSection
	GlobalSection(SolutionProperties) = preSolution
		HideSolutionNode = FALSE
	EndGlobalSection
EndGlobal
